// !$*UTF8*$!
{
	archiveVersion = 1;
	classes = {
	};
	objectVersion = 50;
	objects = {

/* Begin PBXBuildFile section */
		061D9C7B220B936C00753E31 /* AppDelegate.swift in Sources */ = {isa = PBXBuildFile; fileRef = 061D9C7A220B936C00753E31 /* AppDelegate.swift */; };
		061D9C80220B936C00753E31 /* Main.storyboard in Resources */ = {isa = PBXBuildFile; fileRef = 061D9C7E220B936C00753E31 /* Main.storyboard */; };
		061D9C82220B936D00753E31 /* Assets.xcassets in Resources */ = {isa = PBXBuildFile; fileRef = 061D9C81220B936D00753E31 /* Assets.xcassets */; };
		061D9C85220B936D00753E31 /* LaunchScreen.storyboard in Resources */ = {isa = PBXBuildFile; fileRef = 061D9C83220B936D00753E31 /* LaunchScreen.storyboard */; };
		061D9C90220B936D00753E31 /* tumblrTests.swift in Sources */ = {isa = PBXBuildFile; fileRef = 061D9C8F220B936D00753E31 /* tumblrTests.swift */; };
		061D9C9B220B936D00753E31 /* tumblrUITests.swift in Sources */ = {isa = PBXBuildFile; fileRef = 061D9C9A220B936D00753E31 /* tumblrUITests.swift */; };
		061D9CA9220B940A00753E31 /* PhotosViewController.swift in Sources */ = {isa = PBXBuildFile; fileRef = 061D9CA8220B940A00753E31 /* PhotosViewController.swift */; };
		061D9CAB220B979700753E31 /* PhotoViewCell.swift in Sources */ = {isa = PBXBuildFile; fileRef = 061D9CAA220B979700753E31 /* PhotoViewCell.swift */; };
		2DCAC91BCD69E1FAFF678577 /* Pods_tumblrUITests.framework in Frameworks */ = {isa = PBXBuildFile; fileRef = CEEFD8E2D4108B456D12119E /* Pods_tumblrUITests.framework */; };
		91E4DE04A2DBEE5583E2B649 /* Pods_tumblrTests.framework in Frameworks */ = {isa = PBXBuildFile; fileRef = E0B9D49A1176FC9DF5ECF427 /* Pods_tumblrTests.framework */; };
		ED5F338FA51334D7F0FB7CEE /* Pods_tumblr.framework in Frameworks */ = {isa = PBXBuildFile; fileRef = 8F698D884FDCB4676175AF18 /* Pods_tumblr.framework */; };
/* End PBXBuildFile section */

/* Begin PBXContainerItemProxy section */
		061D9C8C220B936D00753E31 /* PBXContainerItemProxy */ = {
			isa = PBXContainerItemProxy;
			containerPortal = 061D9C6F220B936C00753E31 /* Project object */;
			proxyType = 1;
			remoteGlobalIDString = 061D9C76220B936C00753E31;
			remoteInfo = tumblr;
		};
		061D9C97220B936D00753E31 /* PBXContainerItemProxy */ = {
			isa = PBXContainerItemProxy;
			containerPortal = 061D9C6F220B936C00753E31 /* Project object */;
			proxyType = 1;
			remoteGlobalIDString = 061D9C76220B936C00753E31;
			remoteInfo = tumblr;
		};
/* End PBXContainerItemProxy section */

/* Begin PBXFileReference section */
		061D9C77220B936C00753E31 /* tumblr.app */ = {isa = PBXFileReference; explicitFileType = wrapper.application; includeInIndex = 0; path = tumblr.app; sourceTree = BUILT_PRODUCTS_DIR; };
		061D9C7A220B936C00753E31 /* AppDelegate.swift */ = {isa = PBXFileReference; lastKnownFileType = sourcecode.swift; path = AppDelegate.swift; sourceTree = "<group>"; };
		061D9C7F220B936C00753E31 /* Base */ = {isa = PBXFileReference; lastKnownFileType = file.storyboard; name = Base; path = Base.lproj/Main.storyboard; sourceTree = "<group>"; };
		061D9C81220B936D00753E31 /* Assets.xcassets */ = {isa = PBXFileReference; lastKnownFileType = folder.assetcatalog; path = Assets.xcassets; sourceTree = "<group>"; };
		061D9C84220B936D00753E31 /* Base */ = {isa = PBXFileReference; lastKnownFileType = file.storyboard; name = Base; path = Base.lproj/LaunchScreen.storyboard; sourceTree = "<group>"; };
		061D9C86220B936D00753E31 /* Info.plist */ = {isa = PBXFileReference; lastKnownFileType = text.plist.xml; path = Info.plist; sourceTree = "<group>"; };
		061D9C8B220B936D00753E31 /* tumblrTests.xctest */ = {isa = PBXFileReference; explicitFileType = wrapper.cfbundle; includeInIndex = 0; path = tumblrTests.xctest; sourceTree = BUILT_PRODUCTS_DIR; };
		061D9C8F220B936D00753E31 /* tumblrTests.swift */ = {isa = PBXFileReference; lastKnownFileType = sourcecode.swift; path = tumblrTests.swift; sourceTree = "<group>"; };
		061D9C91220B936D00753E31 /* Info.plist */ = {isa = PBXFileReference; lastKnownFileType = text.plist.xml; path = Info.plist; sourceTree = "<group>"; };
		061D9C96220B936D00753E31 /* tumblrUITests.xctest */ = {isa = PBXFileReference; explicitFileType = wrapper.cfbundle; includeInIndex = 0; path = tumblrUITests.xctest; sourceTree = BUILT_PRODUCTS_DIR; };
		061D9C9A220B936D00753E31 /* tumblrUITests.swift */ = {isa = PBXFileReference; lastKnownFileType = sourcecode.swift; path = tumblrUITests.swift; sourceTree = "<group>"; };
		061D9C9C220B936D00753E31 /* Info.plist */ = {isa = PBXFileReference; lastKnownFileType = text.plist.xml; path = Info.plist; sourceTree = "<group>"; };
		061D9CA8220B940A00753E31 /* PhotosViewController.swift */ = {isa = PBXFileReference; lastKnownFileType = sourcecode.swift; path = PhotosViewController.swift; sourceTree = "<group>"; };
		061D9CAA220B979700753E31 /* PhotoViewCell.swift */ = {isa = PBXFileReference; lastKnownFileType = sourcecode.swift; path = PhotoViewCell.swift; sourceTree = "<group>"; };
		30EDA0A0EF434A7A202F931A /* Pods-tumblrUITests.debug.xcconfig */ = {isa = PBXFileReference; includeInIndex = 1; lastKnownFileType = text.xcconfig; name = "Pods-tumblrUITests.debug.xcconfig"; path = "Pods/Target Support Files/Pods-tumblrUITests/Pods-tumblrUITests.debug.xcconfig"; sourceTree = "<group>"; };
		32C191B585AADBF9029BFEDA /* Pods-tumblrTests.debug.xcconfig */ = {isa = PBXFileReference; includeInIndex = 1; lastKnownFileType = text.xcconfig; name = "Pods-tumblrTests.debug.xcconfig"; path = "Pods/Target Support Files/Pods-tumblrTests/Pods-tumblrTests.debug.xcconfig"; sourceTree = "<group>"; };
		4D3368A66C479634EE8C1E76 /* Pods-tumblr.release.xcconfig */ = {isa = PBXFileReference; includeInIndex = 1; lastKnownFileType = text.xcconfig; name = "Pods-tumblr.release.xcconfig"; path = "Pods/Target Support Files/Pods-tumblr/Pods-tumblr.release.xcconfig"; sourceTree = "<group>"; };
		8B23E86E48D74CA90F7CF1B2 /* Pods-tumblrTests.release.xcconfig */ = {isa = PBXFileReference; includeInIndex = 1; lastKnownFileType = text.xcconfig; name = "Pods-tumblrTests.release.xcconfig"; path = "Pods/Target Support Files/Pods-tumblrTests/Pods-tumblrTests.release.xcconfig"; sourceTree = "<group>"; };
		8D9EEC145158FA1509868579 /* Pods-tumblrUITests.release.xcconfig */ = {isa = PBXFileReference; includeInIndex = 1; lastKnownFileType = text.xcconfig; name = "Pods-tumblrUITests.release.xcconfig"; path = "Pods/Target Support Files/Pods-tumblrUITests/Pods-tumblrUITests.release.xcconfig"; sourceTree = "<group>"; };
		8F698D884FDCB4676175AF18 /* Pods_tumblr.framework */ = {isa = PBXFileReference; explicitFileType = wrapper.framework; includeInIndex = 0; path = Pods_tumblr.framework; sourceTree = BUILT_PRODUCTS_DIR; };
		BE0A21AAD1564329943C4912 /* Pods-tumblr.debug.xcconfig */ = {isa = PBXFileReference; includeInIndex = 1; lastKnownFileType = text.xcconfig; name = "Pods-tumblr.debug.xcconfig"; path = "Pods/Target Support Files/Pods-tumblr/Pods-tumblr.debug.xcconfig"; sourceTree = "<group>"; };
		CEEFD8E2D4108B456D12119E /* Pods_tumblrUITests.framework */ = {isa = PBXFileReference; explicitFileType = wrapper.framework; includeInIndex = 0; path = Pods_tumblrUITests.framework; sourceTree = BUILT_PRODUCTS_DIR; };
		E0B9D49A1176FC9DF5ECF427 /* Pods_tumblrTests.framework */ = {isa = PBXFileReference; explicitFileType = wrapper.framework; includeInIndex = 0; path = Pods_tumblrTests.framework; sourceTree = BUILT_PRODUCTS_DIR; };
/* End PBXFileReference section */

/* Begin PBXFrameworksBuildPhase section */
		061D9C74220B936C00753E31 /* Frameworks */ = {
			isa = PBXFrameworksBuildPhase;
			buildActionMask = 2147483647;
			files = (
				ED5F338FA51334D7F0FB7CEE /* Pods_tumblr.framework in Frameworks */,
			);
			runOnlyForDeploymentPostprocessing = 0;
		};
		061D9C88220B936D00753E31 /* Frameworks */ = {
			isa = PBXFrameworksBuildPhase;
			buildActionMask = 2147483647;
			files = (
				91E4DE04A2DBEE5583E2B649 /* Pods_tumblrTests.framework in Frameworks */,
			);
			runOnlyForDeploymentPostprocessing = 0;
		};
		061D9C93220B936D00753E31 /* Frameworks */ = {
			isa = PBXFrameworksBuildPhase;
			buildActionMask = 2147483647;
			files = (
				2DCAC91BCD69E1FAFF678577 /* Pods_tumblrUITests.framework in Frameworks */,
			);
			runOnlyForDeploymentPostprocessing = 0;
		};
/* End PBXFrameworksBuildPhase section */

/* Begin PBXGroup section */
		061D9C6E220B936C00753E31 = {
			isa = PBXGroup;
			children = (
				061D9C79220B936C00753E31 /* tumblr */,
				061D9C8E220B936D00753E31 /* tumblrTests */,
				061D9C99220B936D00753E31 /* tumblrUITests */,
				061D9C78220B936C00753E31 /* Products */,
				41F0B02D80EB2B0E3DB8626F /* Pods */,
				8D78ED4F94EB4B8DAF076644 /* Frameworks */,
			);
			sourceTree = "<group>";
		};
		061D9C78220B936C00753E31 /* Products */ = {
			isa = PBXGroup;
			children = (
				061D9C77220B936C00753E31 /* tumblr.app */,
				061D9C8B220B936D00753E31 /* tumblrTests.xctest */,
				061D9C96220B936D00753E31 /* tumblrUITests.xctest */,
			);
			name = Products;
			sourceTree = "<group>";
		};
		061D9C79220B936C00753E31 /* tumblr */ = {
			isa = PBXGroup;
			children = (
				061D9C7A220B936C00753E31 /* AppDelegate.swift */,
				061D9C7E220B936C00753E31 /* Main.storyboard */,
				061D9CAA220B979700753E31 /* PhotoViewCell.swift */,
				061D9C81220B936D00753E31 /* Assets.xcassets */,
				061D9C83220B936D00753E31 /* LaunchScreen.storyboard */,
				061D9C86220B936D00753E31 /* Info.plist */,
				061D9CA8220B940A00753E31 /* PhotosViewController.swift */,
			);
			path = tumblr;
			sourceTree = "<group>";
		};
		061D9C8E220B936D00753E31 /* tumblrTests */ = {
			isa = PBXGroup;
			children = (
				061D9C8F220B936D00753E31 /* tumblrTests.swift */,
				061D9C91220B936D00753E31 /* Info.plist */,
			);
			path = tumblrTests;
			sourceTree = "<group>";
		};
		061D9C99220B936D00753E31 /* tumblrUITests */ = {
			isa = PBXGroup;
			children = (
				061D9C9A220B936D00753E31 /* tumblrUITests.swift */,
				061D9C9C220B936D00753E31 /* Info.plist */,
			);
			path = tumblrUITests;
			sourceTree = "<group>";
		};
		41F0B02D80EB2B0E3DB8626F /* Pods */ = {
			isa = PBXGroup;
			children = (
				BE0A21AAD1564329943C4912 /* Pods-tumblr.debug.xcconfig */,
				4D3368A66C479634EE8C1E76 /* Pods-tumblr.release.xcconfig */,
				32C191B585AADBF9029BFEDA /* Pods-tumblrTests.debug.xcconfig */,
				8B23E86E48D74CA90F7CF1B2 /* Pods-tumblrTests.release.xcconfig */,
				30EDA0A0EF434A7A202F931A /* Pods-tumblrUITests.debug.xcconfig */,
				8D9EEC145158FA1509868579 /* Pods-tumblrUITests.release.xcconfig */,
			);
			name = Pods;
			sourceTree = "<group>";
		};
		8D78ED4F94EB4B8DAF076644 /* Frameworks */ = {
			isa = PBXGroup;
			children = (
				8F698D884FDCB4676175AF18 /* Pods_tumblr.framework */,
				E0B9D49A1176FC9DF5ECF427 /* Pods_tumblrTests.framework */,
				CEEFD8E2D4108B456D12119E /* Pods_tumblrUITests.framework */,
			);
			name = Frameworks;
			sourceTree = "<group>";
		};
/* End PBXGroup section */

/* Begin PBXNativeTarget section */
		061D9C76220B936C00753E31 /* tumblr */ = {
			isa = PBXNativeTarget;
			buildConfigurationList = 061D9C9F220B936D00753E31 /* Build configuration list for PBXNativeTarget "tumblr" */;
			buildPhases = (
				624DA9C000749E23B4AC061A /* [CP] Check Pods Manifest.lock */,
				061D9C73220B936C00753E31 /* Sources */,
				061D9C74220B936C00753E31 /* Frameworks */,
				061D9C75220B936C00753E31 /* Resources */,
				0C035C39BADC427E50235CC6 /* [CP] Embed Pods Frameworks */,
			);
			buildRules = (
			);
			dependencies = (
			);
			name = tumblr;
			productName = tumblr;
			productReference = 061D9C77220B936C00753E31 /* tumblr.app */;
			productType = "com.apple.product-type.application";
		};
		061D9C8A220B936D00753E31 /* tumblrTests */ = {
			isa = PBXNativeTarget;
			buildConfigurationList = 061D9CA2220B936D00753E31 /* Build configuration list for PBXNativeTarget "tumblrTests" */;
			buildPhases = (
				93F404A5715293C64BE5E390 /* [CP] Check Pods Manifest.lock */,
				061D9C87220B936D00753E31 /* Sources */,
				061D9C88220B936D00753E31 /* Frameworks */,
				061D9C89220B936D00753E31 /* Resources */,
			);
			buildRules = (
			);
			dependencies = (
				061D9C8D220B936D00753E31 /* PBXTargetDependency */,
			);
			name = tumblrTests;
			productName = tumblrTests;
			productReference = 061D9C8B220B936D00753E31 /* tumblrTests.xctest */;
			productType = "com.apple.product-type.bundle.unit-test";
		};
		061D9C95220B936D00753E31 /* tumblrUITests */ = {
			isa = PBXNativeTarget;
			buildConfigurationList = 061D9CA5220B936D00753E31 /* Build configuration list for PBXNativeTarget "tumblrUITests" */;
			buildPhases = (
				6B530A69585D931497E6DFA1 /* [CP] Check Pods Manifest.lock */,
				061D9C92220B936D00753E31 /* Sources */,
				061D9C93220B936D00753E31 /* Frameworks */,
				061D9C94220B936D00753E31 /* Resources */,
			);
			buildRules = (
			);
			dependencies = (
				061D9C98220B936D00753E31 /* PBXTargetDependency */,
			);
			name = tumblrUITests;
			productName = tumblrUITests;
			productReference = 061D9C96220B936D00753E31 /* tumblrUITests.xctest */;
			productType = "com.apple.product-type.bundle.ui-testing";
		};
/* End PBXNativeTarget section */

/* Begin PBXProject section */
		061D9C6F220B936C00753E31 /* Project object */ = {
			isa = PBXProject;
			attributes = {
				LastSwiftUpdateCheck = 1010;
				LastUpgradeCheck = 1010;
				ORGANIZATIONNAME = geoffmontague;
				TargetAttributes = {
					061D9C76220B936C00753E31 = {
						CreatedOnToolsVersion = 10.1;
					};
					061D9C8A220B936D00753E31 = {
						CreatedOnToolsVersion = 10.1;
						TestTargetID = 061D9C76220B936C00753E31;
					};
					061D9C95220B936D00753E31 = {
						CreatedOnToolsVersion = 10.1;
						TestTargetID = 061D9C76220B936C00753E31;
					};
				};
			};
			buildConfigurationList = 061D9C72220B936C00753E31 /* Build configuration list for PBXProject "tumblr" */;
			compatibilityVersion = "Xcode 9.3";
			developmentRegion = en;
			hasScannedForEncodings = 0;
			knownRegions = (
				en,
				Base,
			);
			mainGroup = 061D9C6E220B936C00753E31;
			productRefGroup = 061D9C78220B936C00753E31 /* Products */;
			projectDirPath = "";
			projectRoot = "";
			targets = (
				061D9C76220B936C00753E31 /* tumblr */,
				061D9C8A220B936D00753E31 /* tumblrTests */,
				061D9C95220B936D00753E31 /* tumblrUITests */,
			);
		};
/* End PBXProject section */

/* Begin PBXResourcesBuildPhase section */
		061D9C75220B936C00753E31 /* Resources */ = {
			isa = PBXResourcesBuildPhase;
			buildActionMask = 2147483647;
			files = (
				061D9C85220B936D00753E31 /* LaunchScreen.storyboard in Resources */,
				061D9C82220B936D00753E31 /* Assets.xcassets in Resources */,
				061D9C80220B936C00753E31 /* Main.storyboard in Resources */,
			);
			runOnlyForDeploymentPostprocessing = 0;
		};
		061D9C89220B936D00753E31 /* Resources */ = {
			isa = PBXResourcesBuildPhase;
			buildActionMask = 2147483647;
			files = (
			);
			runOnlyForDeploymentPostprocessing = 0;
		};
		061D9C94220B936D00753E31 /* Resources */ = {
			isa = PBXResourcesBuildPhase;
			buildActionMask = 2147483647;
			files = (
			);
			runOnlyForDeploymentPostprocessing = 0;
		};
/* End PBXResourcesBuildPhase section */

/* Begin PBXShellScriptBuildPhase section */
		0C035C39BADC427E50235CC6 /* [CP] Embed Pods Frameworks */ = {
			isa = PBXShellScriptBuildPhase;
			buildActionMask = 2147483647;
			files = (
			);
			inputFileListPaths = (
			);
			inputPaths = (
				"${SRCROOT}/Pods/Target Support Files/Pods-tumblr/Pods-tumblr-frameworks.sh",
				"${BUILT_PRODUCTS_DIR}/Alamofire/Alamofire.framework",
				"${BUILT_PRODUCTS_DIR}/AlamofireImage/AlamofireImage.framework",
			);
			name = "[CP] Embed Pods Frameworks";
			outputFileListPaths = (
			);
			outputPaths = (
				"${TARGET_BUILD_DIR}/${FRAMEWORKS_FOLDER_PATH}/Alamofire.framework",
				"${TARGET_BUILD_DIR}/${FRAMEWORKS_FOLDER_PATH}/AlamofireImage.framework",
			);
			runOnlyForDeploymentPostprocessing = 0;
			shellPath = /bin/sh;
			shellScript = "\"${SRCROOT}/Pods/Target Support Files/Pods-tumblr/Pods-tumblr-frameworks.sh\"\n";
			showEnvVarsInLog = 0;
		};
		624DA9C000749E23B4AC061A /* [CP] Check Pods Manifest.lock */ = {
			isa = PBXShellScriptBuildPhase;
			buildActionMask = 2147483647;
			files = (
			);
			inputFileListPaths = (
			);
			inputPaths = (
				"${PODS_PODFILE_DIR_PATH}/Podfile.lock",
				"${PODS_ROOT}/Manifest.lock",
			);
			name = "[CP] Check Pods Manifest.lock";
			outputFileListPaths = (
			);
			outputPaths = (
				"$(DERIVED_FILE_DIR)/Pods-tumblr-checkManifestLockResult.txt",
			);
			runOnlyForDeploymentPostprocessing = 0;
			shellPath = /bin/sh;
			shellScript = "diff \"${PODS_PODFILE_DIR_PATH}/Podfile.lock\" \"${PODS_ROOT}/Manifest.lock\" > /dev/null\nif [ $? != 0 ] ; then\n    # print error to STDERR\n    echo \"error: The sandbox is not in sync with the Podfile.lock. Run 'pod install' or update your CocoaPods installation.\" >&2\n    exit 1\nfi\n# This output is used by Xcode 'outputs' to avoid re-running this script phase.\necho \"SUCCESS\" > \"${SCRIPT_OUTPUT_FILE_0}\"\n";
			showEnvVarsInLog = 0;
		};
		6B530A69585D931497E6DFA1 /* [CP] Check Pods Manifest.lock */ = {
			isa = PBXShellScriptBuildPhase;
			buildActionMask = 2147483647;
			files = (
			);
			inputFileListPaths = (
			);
			inputPaths = (
				"${PODS_PODFILE_DIR_PATH}/Podfile.lock",
				"${PODS_ROOT}/Manifest.lock",
			);
			name = "[CP] Check Pods Manifest.lock";
			outputFileListPaths = (
			);
			outputPaths = (
				"$(DERIVED_FILE_DIR)/Pods-tumblrUITests-checkManifestLockResult.txt",
			);
			runOnlyForDeploymentPostprocessing = 0;
			shellPath = /bin/sh;
			shellScript = "diff \"${PODS_PODFILE_DIR_PATH}/Podfile.lock\" \"${PODS_ROOT}/Manifest.lock\" > /dev/null\nif [ $? != 0 ] ; then\n    # print error to STDERR\n    echo \"error: The sandbox is not in sync with the Podfile.lock. Run 'pod install' or update your CocoaPods installation.\" >&2\n    exit 1\nfi\n# This output is used by Xcode 'outputs' to avoid re-running this script phase.\necho \"SUCCESS\" > \"${SCRIPT_OUTPUT_FILE_0}\"\n";
			showEnvVarsInLog = 0;
		};
		93F404A5715293C64BE5E390 /* [CP] Check Pods Manifest.lock */ = {
			isa = PBXShellScriptBuildPhase;
			buildActionMask = 2147483647;
			files = (
			);
			inputFileListPaths = (
			);
			inputPaths = (
				"${PODS_PODFILE_DIR_PATH}/Podfile.lock",
				"${PODS_ROOT}/Manifest.lock",
			);
			name = "[CP] Check Pods Manifest.lock";
			outputFileListPaths = (
			);
			outputPaths = (
				"$(DERIVED_FILE_DIR)/Pods-tumblrTests-checkManifestLockResult.txt",
			);
			runOnlyForDeploymentPostprocessing = 0;
			shellPath = /bin/sh;
			shellScript = "diff \"${PODS_PODFILE_DIR_PATH}/Podfile.lock\" \"${PODS_ROOT}/Manifest.lock\" > /dev/null\nif [ $? != 0 ] ; then\n    # print error to STDERR\n    echo \"error: The sandbox is not in sync with the Podfile.lock. Run 'pod install' or update your CocoaPods installation.\" >&2\n    exit 1\nfi\n# This output is used by Xcode 'outputs' to avoid re-running this script phase.\necho \"SUCCESS\" > \"${SCRIPT_OUTPUT_FILE_0}\"\n";
			showEnvVarsInLog = 0;
		};
/* End PBXShellScriptBuildPhase section */

/* Begin PBXSourcesBuildPhase section */
		061D9C73220B936C00753E31 /* Sources */ = {
			isa = PBXSourcesBuildPhase;
			buildActionMask = 2147483647;
			files = (
				061D9C7B220B936C00753E31 /* AppDelegate.swift in Sources */,
				061D9CA9220B940A00753E31 /* PhotosViewController.swift in Sources */,
				061D9CAB220B979700753E31 /* PhotoViewCell.swift in Sources */,
			);
			runOnlyForDeploymentPostprocessing = 0;
		};
		061D9C87220B936D00753E31 /* Sources */ = {
			isa = PBXSourcesBuildPhase;
			buildActionMask = 2147483647;
			files = (
				061D9C90220B936D00753E31 /* tumblrTests.swift in Sources */,
			);
			runOnlyForDeploymentPostprocessing = 0;
		};
		061D9C92220B936D00753E31 /* Sources */ = {
			isa = PBXSourcesBuildPhase;
			buildActionMask = 2147483647;
			files = (
				061D9C9B220B936D00753E31 /* tumblrUITests.swift in Sources */,
			);
			runOnlyForDeploymentPostprocessing = 0;
		};
/* End PBXSourcesBuildPhase section */

/* Begin PBXTargetDependency section */
		061D9C8D220B936D00753E31 /* PBXTargetDependency */ = {
			isa = PBXTargetDependency;
			target = 061D9C76220B936C00753E31 /* tumblr */;
			targetProxy = 061D9C8C220B936D00753E31 /* PBXContainerItemProxy */;
		};
		061D9C98220B936D00753E31 /* PBXTargetDependency */ = {
			isa = PBXTargetDependency;
			target = 061D9C76220B936C00753E31 /* tumblr */;
			targetProxy = 061D9C97220B936D00753E31 /* PBXContainerItemProxy */;
		};
/* End PBXTargetDependency section */

/* Begin PBXVariantGroup section */
		061D9C7E220B936C00753E31 /* Main.storyboard */ = {
			isa = PBXVariantGroup;
			children = (
				061D9C7F220B936C00753E31 /* Base */,
			);
			name = Main.storyboard;
			sourceTree = "<group>";
		};
		061D9C83220B936D00753E31 /* LaunchScreen.storyboard */ = {
			isa = PBXVariantGroup;
			children = (
				061D9C84220B936D00753E31 /* Base */,
			);
			name = LaunchScreen.storyboard;
			sourceTree = "<group>";
		};
/* End PBXVariantGroup section */

/* Begin XCBuildConfiguration section */
		061D9C9D220B936D00753E31 /* Debug */ = {
			isa = XCBuildConfiguration;
			buildSettings = {
				ALWAYS_SEARCH_USER_PATHS = NO;
				CLANG_ANALYZER_NONNULL = YES;
				CLANG_ANALYZER_NUMBER_OBJECT_CONVERSION = YES_AGGRESSIVE;
				CLANG_CXX_LANGUAGE_STANDARD = "gnu++14";
				CLANG_CXX_LIBRARY = "libc++";
				CLANG_ENABLE_MODULES = YES;
				CLANG_ENABLE_OBJC_ARC = YES;
				CLANG_ENABLE_OBJC_WEAK = YES;
				CLANG_WARN_BLOCK_CAPTURE_AUTORELEASING = YES;
				CLANG_WARN_BOOL_CONVERSION = YES;
				CLANG_WARN_COMMA = YES;
				CLANG_WARN_CONSTANT_CONVERSION = YES;
				CLANG_WARN_DEPRECATED_OBJC_IMPLEMENTATIONS = YES;
				CLANG_WARN_DIRECT_OBJC_ISA_USAGE = YES_ERROR;
				CLANG_WARN_DOCUMENTATION_COMMENTS = YES;
				CLANG_WARN_EMPTY_BODY = YES;
				CLANG_WARN_ENUM_CONVERSION = YES;
				CLANG_WARN_INFINITE_RECURSION = YES;
				CLANG_WARN_INT_CONVERSION = YES;
				CLANG_WARN_NON_LITERAL_NULL_CONVERSION = YES;
				CLANG_WARN_OBJC_IMPLICIT_RETAIN_SELF = YES;
				CLANG_WARN_OBJC_LITERAL_CONVERSION = YES;
				CLANG_WARN_OBJC_ROOT_CLASS = YES_ERROR;
				CLANG_WARN_RANGE_LOOP_ANALYSIS = YES;
				CLANG_WARN_STRICT_PROTOTYPES = YES;
				CLANG_WARN_SUSPICIOUS_MOVE = YES;
				CLANG_WARN_UNGUARDED_AVAILABILITY = YES_AGGRESSIVE;
				CLANG_WARN_UNREACHABLE_CODE = YES;
				CLANG_WARN__DUPLICATE_METHOD_MATCH = YES;
				CODE_SIGN_IDENTITY = "iPhone Developer";
				COPY_PHASE_STRIP = NO;
				DEBUG_INFORMATION_FORMAT = dwarf;
				ENABLE_STRICT_OBJC_MSGSEND = YES;
				ENABLE_TESTABILITY = YES;
				GCC_C_LANGUAGE_STANDARD = gnu11;
				GCC_DYNAMIC_NO_PIC = NO;
				GCC_NO_COMMON_BLOCKS = YES;
				GCC_OPTIMIZATION_LEVEL = 0;
				GCC_PREPROCESSOR_DEFINITIONS = (
					"DEBUG=1",
					"$(inherited)",
				);
				GCC_WARN_64_TO_32_BIT_CONVERSION = YES;
				GCC_WARN_ABOUT_RETURN_TYPE = YES_ERROR;
				GCC_WARN_UNDECLARED_SELECTOR = YES;
				GCC_WARN_UNINITIALIZED_AUTOS = YES_AGGRESSIVE;
				GCC_WARN_UNUSED_FUNCTION = YES;
				GCC_WARN_UNUSED_VARIABLE = YES;
				IPHONEOS_DEPLOYMENT_TARGET = 12.1;
				MTL_ENABLE_DEBUG_INFO = INCLUDE_SOURCE;
				MTL_FAST_MATH = YES;
				ONLY_ACTIVE_ARCH = YES;
				SDKROOT = iphoneos;
				SWIFT_ACTIVE_COMPILATION_CONDITIONS = DEBUG;
				SWIFT_OPTIMIZATION_LEVEL = "-Onone";
			};
			name = Debug;
		};
		061D9C9E220B936D00753E31 /* Release */ = {
			isa = XCBuildConfiguration;
			buildSettings = {
				ALWAYS_SEARCH_USER_PATHS = NO;
				CLANG_ANALYZER_NONNULL = YES;
				CLANG_ANALYZER_NUMBER_OBJECT_CONVERSION = YES_AGGRESSIVE;
				CLANG_CXX_LANGUAGE_STANDARD = "gnu++14";
				CLANG_CXX_LIBRARY = "libc++";
				CLANG_ENABLE_MODULES = YES;
				CLANG_ENABLE_OBJC_ARC = YES;
				CLANG_ENABLE_OBJC_WEAK = YES;
				CLANG_WARN_BLOCK_CAPTURE_AUTORELEASING = YES;
				CLANG_WARN_BOOL_CONVERSION = YES;
				CLANG_WARN_COMMA = YES;
				CLANG_WARN_CONSTANT_CONVERSION = YES;
				CLANG_WARN_DEPRECATED_OBJC_IMPLEMENTATIONS = YES;
				CLANG_WARN_DIRECT_OBJC_ISA_USAGE = YES_ERROR;
				CLANG_WARN_DOCUMENTATION_COMMENTS = YES;
				CLANG_WARN_EMPTY_BODY = YES;
				CLANG_WARN_ENUM_CONVERSION = YES;
				CLANG_WARN_INFINITE_RECURSION = YES;
				CLANG_WARN_INT_CONVERSION = YES;
				CLANG_WARN_NON_LITERAL_NULL_CONVERSION = YES;
				CLANG_WARN_OBJC_IMPLICIT_RETAIN_SELF = YES;
				CLANG_WARN_OBJC_LITERAL_CONVERSION = YES;
				CLANG_WARN_OBJC_ROOT_CLASS = YES_ERROR;
				CLANG_WARN_RANGE_LOOP_ANALYSIS = YES;
				CLANG_WARN_STRICT_PROTOTYPES = YES;
				CLANG_WARN_SUSPICIOUS_MOVE = YES;
				CLANG_WARN_UNGUARDED_AVAILABILITY = YES_AGGRESSIVE;
				CLANG_WARN_UNREACHABLE_CODE = YES;
				CLANG_WARN__DUPLICATE_METHOD_MATCH = YES;
				CODE_SIGN_IDENTITY = "iPhone Developer";
				COPY_PHASE_STRIP = NO;
				DEBUG_INFORMATION_FORMAT = "dwarf-with-dsym";
				ENABLE_NS_ASSERTIONS = NO;
				ENABLE_STRICT_OBJC_MSGSEND = YES;
				GCC_C_LANGUAGE_STANDARD = gnu11;
				GCC_NO_COMMON_BLOCKS = YES;
				GCC_WARN_64_TO_32_BIT_CONVERSION = YES;
				GCC_WARN_ABOUT_RETURN_TYPE = YES_ERROR;
				GCC_WARN_UNDECLARED_SELECTOR = YES;
				GCC_WARN_UNINITIALIZED_AUTOS = YES_AGGRESSIVE;
				GCC_WARN_UNUSED_FUNCTION = YES;
				GCC_WARN_UNUSED_VARIABLE = YES;
				IPHONEOS_DEPLOYMENT_TARGET = 12.1;
				MTL_ENABLE_DEBUG_INFO = NO;
				MTL_FAST_MATH = YES;
				SDKROOT = iphoneos;
				SWIFT_COMPILATION_MODE = wholemodule;
				SWIFT_OPTIMIZATION_LEVEL = "-O";
				VALIDATE_PRODUCT = YES;
			};
			name = Release;
		};
		061D9CA0220B936D00753E31 /* Debug */ = {
			isa = XCBuildConfiguration;
			baseConfigurationReference = BE0A21AAD1564329943C4912 /* Pods-tumblr.debug.xcconfig */;
			buildSettings = {
				ASSETCATALOG_COMPILER_APPICON_NAME = AppIcon;
				CODE_SIGN_STYLE = Automatic;
				INFOPLIST_FILE = tumblr/Info.plist;
				LD_RUNPATH_SEARCH_PATHS = (
					"$(inherited)",
					"@executable_path/Frameworks",
				);
				PRODUCT_BUNDLE_IDENTIFIER = com.geoffmontague.tumblr;
				PRODUCT_NAME = "$(TARGET_NAME)";
				SWIFT_VERSION = 4.2;
				TARGETED_DEVICE_FAMILY = "1,2";
			};
			name = Debug;
		};
		061D9CA1220B936D00753E31 /* Release */ = {
			isa = XCBuildConfiguration;
			baseConfigurationReference = 4D3368A66C479634EE8C1E76 /* Pods-tumblr.release.xcconfig */;
			buildSettings = {
				ASSETCATALOG_COMPILER_APPICON_NAME = AppIcon;
				CODE_SIGN_STYLE = Automatic;
				INFOPLIST_FILE = tumblr/Info.plist;
				LD_RUNPATH_SEARCH_PATHS = (
					"$(inherited)",
					"@executable_path/Frameworks",
				);
				PRODUCT_BUNDLE_IDENTIFIER = com.geoffmontague.tumblr;
				PRODUCT_NAME = "$(TARGET_NAME)";
				SWIFT_VERSION = 4.2;
				TARGETED_DEVICE_FAMILY = "1,2";
			};
			name = Release;
		};
		061D9CA3220B936D00753E31 /* Debug */ = {
			isa = XCBuildConfiguration;
			baseConfigurationReference = 32C191B585AADBF9029BFEDA /* Pods-tumblrTests.debug.xcconfig */;
			buildSettings = {
				ALWAYS_EMBED_SWIFT_STANDARD_LIBRARIES = YES;
				BUNDLE_LOADER = "$(TEST_HOST)";
				CODE_SIGN_STYLE = Automatic;
				INFOPLIST_FILE = tumblrTests/Info.plist;
				LD_RUNPATH_SEARCH_PATHS = (
					"$(inherited)",
					"@executable_path/Frameworks",
					"@loader_path/Frameworks",
				);
				PRODUCT_BUNDLE_IDENTIFIER = com.geoffmontague.tumblrTests;
				PRODUCT_NAME = "$(TARGET_NAME)";
				SWIFT_VERSION = 4.2;
				TARGETED_DEVICE_FAMILY = "1,2";
				TEST_HOST = "$(BUILT_PRODUCTS_DIR)/tumblr.app/tumblr";
			};
			name = Debug;
		};
		061D9CA4220B936D00753E31 /* Release */ = {
			isa = XCBuildConfiguration;
			baseConfigurationReference = 8B23E86E48D74CA90F7CF1B2 /* Pods-tumblrTests.release.xcconfig */;
			buildSettings = {
				ALWAYS_EMBED_SWIFT_STANDARD_LIBRARIES = YES;
				BUNDLE_LOADER = "$(TEST_HOST)";
				CODE_SIGN_STYLE = Automatic;
				INFOPLIST_FILE = tumblrTests/Info.plist;
				LD_RUNPATH_SEARCH_PATHS = (
					"$(inherited)",
					"@executable_path/Frameworks",
					"@loader_path/Frameworks",
				);
				PRODUCT_BUNDLE_IDENTIFIER = com.geoffmontague.tumblrTests;
				PRODUCT_NAME = "$(TARGET_NAME)";
				SWIFT_VERSION = 4.2;
				TARGETED_DEVICE_FAMILY = "1,2";
				TEST_HOST = "$(BUILT_PRODUCTS_DIR)/tumblr.app/tumblr";
			};
			name = Release;
		};
		061D9CA6220B936D00753E31 /* Debug */ = {
			isa = XCBuildConfiguration;
			baseConfigurationReference = 30EDA0A0EF434A7A202F931A /* Pods-tumblrUITests.debug.xcconfig */;
			buildSettings = {
				ALWAYS_EMBED_SWIFT_STANDARD_LIBRARIES = YES;
				CODE_SIGN_STYLE = Automatic;
				INFOPLIST_FILE = tumblrUITests/Info.plist;
				LD_RUNPATH_SEARCH_PATHS = (
					"$(inherited)",
					"@executable_path/Frameworks",
					"@loader_path/Frameworks",
				);
				PRODUCT_BUNDLE_IDENTIFIER = com.geoffmontague.tumblrUITests;
				PRODUCT_NAME = "$(TARGET_NAME)";
				SWIFT_VERSION = 4.2;
				TARGETED_DEVICE_FAMILY = "1,2";
				TEST_TARGET_NAME = tumblr;
			};
			name = Debug;
		};
		061D9CA7220B936D00753E31 /* Release */ = {
			isa = XCBuildConfiguration;
			baseConfigurationReference = 8D9EEC145158FA1509868579 /* Pods-tumblrUITests.release.xcconfig */;
			buildSettings = {
				ALWAYS_EMBED_SWIFT_STANDARD_LIBRARIES = YES;
				CODE_SIGN_STYLE = Automatic;
				INFOPLIST_FILE = tumblrUITests/Info.plist;
				LD_RUNPATH_SEARCH_PATHS = (
					"$(inherited)",
					"@executable_path/Frameworks",
					"@loader_path/Frameworks",
				);
				PRODUCT_BUNDLE_IDENTIFIER = com.geoffmontague.tumblrUITests;
				PRODUCT_NAME = "$(TARGET_NAME)";
				SWIFT_VERSION = 4.2;
				TARGETED_DEVICE_FAMILY = "1,2";
				TEST_TARGET_NAME = tumblr;
			};
			name = Release;
		};
/* End XCBuildConfiguration section */

/* Begin XCConfigurationList section */
		061D9C72220B936C00753E31 /* Build configuration list for PBXProject "tumblr" */ = {
			isa = XCConfigurationList;
			buildConfigurations = (
				061D9C9D220B936D00753E31 /* Debug */,
				061D9C9E220B936D00753E31 /* Release */,
			);
			defaultConfigurationIsVisible = 0;
			defaultConfigurationName = Release;
		};
		061D9C9F220B936D00753E31 /* Build configuration list for PBXNativeTarget "tumblr" */ = {
			isa = XCConfigurationList;
			buildConfigurations = (
				061D9CA0220B936D00753E31 /* Debug */,
				061D9CA1220B936D00753E31 /* Release */,
			);
			defaultConfigurationIsVisible = 0;
			defaultConfigurationName = Release;
		};
		061D9CA2220B936D00753E31 /* Build configuration list for PBXNativeTarget "tumblrTests" */ = {
			isa = XCConfigurationList;
			buildConfigurations = (
				061D9CA3220B936D00753E31 /* Debug */,
				061D9CA4220B936D00753E31 /* Release */,
			);
			defaultConfigurationIsVisible = 0;
			defaultConfigurationName = Release;
		};
		061D9CA5220B936D00753E31 /* Build configuration list for PBXNativeTarget "tumblrUITests" */ = {
			isa = XCConfigurationList;
			buildConfigurations = (
				061D9CA6220B936D00753E31 /* Debug */,
				061D9CA7220B936D00753E31 /* Release */,
			);
			defaultConfigurationIsVisible = 0;
			defaultConfigurationName = Release;
		};
/* End XCConfigurationList section */
	};
	rootObject = 061D9C6F220B936C00753E31 /* Project object */;
}
